// !$*UTF8*$!
{
	archiveVersion = 1;
	classes = {
	};
	objectVersion = 46;
	objects = {

/* Begin PBXBuildFile section */
		4449F49E1F143DF800884A20 /* AppDelegate.swift in Sources */ = {isa = PBXBuildFile; fileRef = 4449F49D1F143DF800884A20 /* AppDelegate.swift */; };
		4449F4A31F143DF800884A20 /* Main.storyboard in Resources */ = {isa = PBXBuildFile; fileRef = 4449F4A11F143DF800884A20 /* Main.storyboard */; };
		4449F4A51F143DF800884A20 /* Assets.xcassets in Resources */ = {isa = PBXBuildFile; fileRef = 4449F4A41F143DF800884A20 /* Assets.xcassets */; };
		4449F4A81F143DF800884A20 /* LaunchScreen.storyboard in Resources */ = {isa = PBXBuildFile; fileRef = 4449F4A61F143DF800884A20 /* LaunchScreen.storyboard */; };
		4449F4B31F143DF800884A20 /* NumberTests.swift in Sources */ = {isa = PBXBuildFile; fileRef = 4449F4B21F143DF800884A20 /* NumberTests.swift */; };
		4449F4BE1F143DF800884A20 /* NumberUITests.swift in Sources */ = {isa = PBXBuildFile; fileRef = 4449F4BD1F143DF800884A20 /* NumberUITests.swift */; };
		4449F4CE1F14430000884A20 /* DetailsStudentVC.swift in Sources */ = {isa = PBXBuildFile; fileRef = 4449F4CD1F14430000884A20 /* DetailsStudentVC.swift */; };
		4449F4D01F14431300884A20 /* ListStudentsVC.swift in Sources */ = {isa = PBXBuildFile; fileRef = 4449F4CF1F14431300884A20 /* ListStudentsVC.swift */; };
		4449F4D21F14458500884A20 /* ListStudentsCell.swift in Sources */ = {isa = PBXBuildFile; fileRef = 4449F4D11F14458500884A20 /* ListStudentsCell.swift */; };
		4449F4DB1F1446F000884A20 /* DataServices.swift in Sources */ = {isa = PBXBuildFile; fileRef = 4449F4DA1F1446F000884A20 /* DataServices.swift */; };
		4449F4DD1F14473700884A20 /* Student.swift in Sources */ = {isa = PBXBuildFile; fileRef = 4449F4DC1F14473700884A20 /* Student.swift */; };
		449255EE1F166C3A002C6F83 /* Delegate.swift in Sources */ = {isa = PBXBuildFile; fileRef = 449255ED1F166C3A002C6F83 /* Delegate.swift */; };
		449255F21F16775F002C6F83 /* NumberDataSource.swift in Sources */ = {isa = PBXBuildFile; fileRef = 449255F11F16775F002C6F83 /* NumberDataSource.swift */; };
		449255F41F167770002C6F83 /* NumberDelegate.swift in Sources */ = {isa = PBXBuildFile; fileRef = 449255F31F167770002C6F83 /* NumberDelegate.swift */; };
		449255F81F17BC96002C6F83 /* ListNumbersCell.swift in Sources */ = {isa = PBXBuildFile; fileRef = 449255F71F17BC96002C6F83 /* ListNumbersCell.swift */; };
		44E4F6ED1F183ED7009F97D2 /* DetailNumberVC.swift in Sources */ = {isa = PBXBuildFile; fileRef = 44E4F6EC1F183ED7009F97D2 /* DetailNumberVC.swift */; };
		44E50CCB1F159CF100B13174 /* DetailsStudentDelegate.swift in Sources */ = {isa = PBXBuildFile; fileRef = 44E50CCA1F159CF100B13174 /* DetailsStudentDelegate.swift */; };
		44FE8F6D1F15135900D06FC3 /* DataSource.swift in Sources */ = {isa = PBXBuildFile; fileRef = 44FE8F6C1F15135900D06FC3 /* DataSource.swift */; };
/* End PBXBuildFile section */

/* Begin PBXContainerItemProxy section */
		4449F4AF1F143DF800884A20 /* PBXContainerItemProxy */ = {
			isa = PBXContainerItemProxy;
			containerPortal = 4449F4921F143DF700884A20 /* Project object */;
			proxyType = 1;
			remoteGlobalIDString = 4449F4991F143DF800884A20;
			remoteInfo = Number;
		};
		4449F4BA1F143DF800884A20 /* PBXContainerItemProxy */ = {
			isa = PBXContainerItemProxy;
			containerPortal = 4449F4921F143DF700884A20 /* Project object */;
			proxyType = 1;
			remoteGlobalIDString = 4449F4991F143DF800884A20;
			remoteInfo = Number;
		};
/* End PBXContainerItemProxy section */

/* Begin PBXFileReference section */
		4449F49A1F143DF800884A20 /* Number.app */ = {isa = PBXFileReference; explicitFileType = wrapper.application; includeInIndex = 0; path = Number.app; sourceTree = BUILT_PRODUCTS_DIR; };
		4449F49D1F143DF800884A20 /* AppDelegate.swift */ = {isa = PBXFileReference; lastKnownFileType = sourcecode.swift; path = AppDelegate.swift; sourceTree = "<group>"; };
		4449F4A21F143DF800884A20 /* Base */ = {isa = PBXFileReference; lastKnownFileType = file.storyboard; name = Base; path = Base.lproj/Main.storyboard; sourceTree = "<group>"; };
		4449F4A41F143DF800884A20 /* Assets.xcassets */ = {isa = PBXFileReference; lastKnownFileType = folder.assetcatalog; path = Assets.xcassets; sourceTree = "<group>"; };
		4449F4A71F143DF800884A20 /* Base */ = {isa = PBXFileReference; lastKnownFileType = file.storyboard; name = Base; path = Base.lproj/LaunchScreen.storyboard; sourceTree = "<group>"; };
		4449F4A91F143DF800884A20 /* Info.plist */ = {isa = PBXFileReference; lastKnownFileType = text.plist.xml; path = Info.plist; sourceTree = "<group>"; };
		4449F4AE1F143DF800884A20 /* NumberTests.xctest */ = {isa = PBXFileReference; explicitFileType = wrapper.cfbundle; includeInIndex = 0; path = NumberTests.xctest; sourceTree = BUILT_PRODUCTS_DIR; };
		4449F4B21F143DF800884A20 /* NumberTests.swift */ = {isa = PBXFileReference; lastKnownFileType = sourcecode.swift; path = NumberTests.swift; sourceTree = "<group>"; };
		4449F4B41F143DF800884A20 /* Info.plist */ = {isa = PBXFileReference; lastKnownFileType = text.plist.xml; path = Info.plist; sourceTree = "<group>"; };
		4449F4B91F143DF800884A20 /* NumberUITests.xctest */ = {isa = PBXFileReference; explicitFileType = wrapper.cfbundle; includeInIndex = 0; path = NumberUITests.xctest; sourceTree = BUILT_PRODUCTS_DIR; };
		4449F4BD1F143DF800884A20 /* NumberUITests.swift */ = {isa = PBXFileReference; lastKnownFileType = sourcecode.swift; path = NumberUITests.swift; sourceTree = "<group>"; };
		4449F4BF1F143DF800884A20 /* Info.plist */ = {isa = PBXFileReference; lastKnownFileType = text.plist.xml; path = Info.plist; sourceTree = "<group>"; };
		4449F4CD1F14430000884A20 /* DetailsStudentVC.swift */ = {isa = PBXFileReference; fileEncoding = 4; lastKnownFileType = sourcecode.swift; path = DetailsStudentVC.swift; sourceTree = "<group>"; };
		4449F4CF1F14431300884A20 /* ListStudentsVC.swift */ = {isa = PBXFileReference; fileEncoding = 4; lastKnownFileType = sourcecode.swift; path = ListStudentsVC.swift; sourceTree = "<group>"; };
		4449F4D11F14458500884A20 /* ListStudentsCell.swift */ = {isa = PBXFileReference; fileEncoding = 4; lastKnownFileType = sourcecode.swift; path = ListStudentsCell.swift; sourceTree = "<group>"; };
		4449F4DA1F1446F000884A20 /* DataServices.swift */ = {isa = PBXFileReference; fileEncoding = 4; lastKnownFileType = sourcecode.swift; path = DataServices.swift; sourceTree = "<group>"; };
		4449F4DC1F14473700884A20 /* Student.swift */ = {isa = PBXFileReference; fileEncoding = 4; lastKnownFileType = sourcecode.swift; path = Student.swift; sourceTree = "<group>"; };
		449255ED1F166C3A002C6F83 /* Delegate.swift */ = {isa = PBXFileReference; fileEncoding = 4; lastKnownFileType = sourcecode.swift; path = Delegate.swift; sourceTree = "<group>"; };
		449255F11F16775F002C6F83 /* NumberDataSource.swift */ = {isa = PBXFileReference; fileEncoding = 4; lastKnownFileType = sourcecode.swift; path = NumberDataSource.swift; sourceTree = "<group>"; };
		449255F31F167770002C6F83 /* NumberDelegate.swift */ = {isa = PBXFileReference; fileEncoding = 4; lastKnownFileType = sourcecode.swift; path = NumberDelegate.swift; sourceTree = "<group>"; };
		449255F71F17BC96002C6F83 /* ListNumbersCell.swift */ = {isa = PBXFileReference; fileEncoding = 4; lastKnownFileType = sourcecode.swift; path = ListNumbersCell.swift; sourceTree = "<group>"; };
		44E4F6EC1F183ED7009F97D2 /* DetailNumberVC.swift */ = {isa = PBXFileReference; fileEncoding = 4; lastKnownFileType = sourcecode.swift; path = DetailNumberVC.swift; sourceTree = "<group>"; };
		44E50CCA1F159CF100B13174 /* DetailsStudentDelegate.swift */ = {isa = PBXFileReference; fileEncoding = 4; lastKnownFileType = sourcecode.swift; path = DetailsStudentDelegate.swift; sourceTree = "<group>"; };
		44FE8F6C1F15135900D06FC3 /* DataSource.swift */ = {isa = PBXFileReference; fileEncoding = 4; lastKnownFileType = sourcecode.swift; path = DataSource.swift; sourceTree = "<group>"; };
/* End PBXFileReference section */

/* Begin PBXFrameworksBuildPhase section */
		4449F4971F143DF800884A20 /* Frameworks */ = {
			isa = PBXFrameworksBuildPhase;
			buildActionMask = 2147483647;
			files = (
			);
			runOnlyForDeploymentPostprocessing = 0;
		};
		4449F4AB1F143DF800884A20 /* Frameworks */ = {
			isa = PBXFrameworksBuildPhase;
			buildActionMask = 2147483647;
			files = (
			);
			runOnlyForDeploymentPostprocessing = 0;
		};
		4449F4B61F143DF800884A20 /* Frameworks */ = {
			isa = PBXFrameworksBuildPhase;
			buildActionMask = 2147483647;
			files = (
			);
			runOnlyForDeploymentPostprocessing = 0;
		};
/* End PBXFrameworksBuildPhase section */

/* Begin PBXGroup section */
		4449F4911F143DF700884A20 = {
			isa = PBXGroup;
			children = (
				4449F49C1F143DF800884A20 /* Number */,
			);
			sourceTree = "<group>";
		};
		4449F49B1F143DF800884A20 /* Products */ = {
			isa = PBXGroup;
			children = (
				4449F49A1F143DF800884A20 /* Number.app */,
				4449F4AE1F143DF800884A20 /* NumberTests.xctest */,
				4449F4B91F143DF800884A20 /* NumberUITests.xctest */,
			);
			name = Products;
			path = ..;
			sourceTree = "<group>";
		};
		4449F49C1F143DF800884A20 /* Number */ = {
			isa = PBXGroup;
			children = (
				4449F4D71F14461900884A20 /* DataServices */,
				4449F4D61F14461700884A20 /* Controller */,
				4449F4D51F14461500884A20 /* Model */,
				4449F4D41F14461300884A20 /* View */,
				4449F4D31F14460A00884A20 /* SupportingFiles */,
			);
			path = Number;
			sourceTree = "<group>";
		};
		4449F4B11F143DF800884A20 /* NumberTests */ = {
			isa = PBXGroup;
			children = (
				4449F4B21F143DF800884A20 /* NumberTests.swift */,
				4449F4B41F143DF800884A20 /* Info.plist */,
			);
			path = NumberTests;
			sourceTree = SOURCE_ROOT;
		};
		4449F4BC1F143DF800884A20 /* NumberUITests */ = {
			isa = PBXGroup;
			children = (
				4449F4BD1F143DF800884A20 /* NumberUITests.swift */,
				4449F4BF1F143DF800884A20 /* Info.plist */,
			);
			path = NumberUITests;
			sourceTree = SOURCE_ROOT;
		};
		4449F4D31F14460A00884A20 /* SupportingFiles */ = {
			isa = PBXGroup;
			children = (
				4449F4A41F143DF800884A20 /* Assets.xcassets */,
				4449F49D1F143DF800884A20 /* AppDelegate.swift */,
				4449F4A91F143DF800884A20 /* Info.plist */,
				4449F4B11F143DF800884A20 /* NumberTests */,
				4449F4BC1F143DF800884A20 /* NumberUITests */,
				4449F49B1F143DF800884A20 /* Products */,
			);
			name = SupportingFiles;
			sourceTree = "<group>";
		};
		4449F4D41F14461300884A20 /* View */ = {
			isa = PBXGroup;
			children = (
				4449F4A11F143DF800884A20 /* Main.storyboard */,
				4449F4A61F143DF800884A20 /* LaunchScreen.storyboard */,
			);
			name = View;
			sourceTree = "<group>";
		};
		4449F4D51F14461500884A20 /* Model */ = {
			isa = PBXGroup;
			children = (
				4449F4DC1F14473700884A20 /* Student.swift */,
			);
			name = Model;
			sourceTree = "<group>";
		};
		4449F4D61F14461700884A20 /* Controller */ = {
			isa = PBXGroup;
			children = (
				4449F4D91F1446BC00884A20 /* Details */,
				4449F4D81F1446A200884A20 /* StudentTableView */,
			);
			name = Controller;
			sourceTree = "<group>";
		};
		4449F4D71F14461900884A20 /* DataServices */ = {
			isa = PBXGroup;
			children = (
				4449F4DA1F1446F000884A20 /* DataServices.swift */,
			);
			name = DataServices;
			sourceTree = "<group>";
		};
		4449F4D81F1446A200884A20 /* StudentTableView */ = {
			isa = PBXGroup;
			children = (
				4449F4CF1F14431300884A20 /* ListStudentsVC.swift */,
				449255F01F167147002C6F83 /* NumberData */,
				449255EF1F167126002C6F83 /* StudentData */,
			);
			name = StudentTableView;
			sourceTree = "<group>";
		};
		4449F4D91F1446BC00884A20 /* Details */ = {
			isa = PBXGroup;
			children = (
				44E4F6EB1F183EA1009F97D2 /* DetailsNumber */,
				44E4F6EA1F183E94009F97D2 /* DetailsStudent */,
			);
			name = Details;
			sourceTree = "<group>";
		};
		449255EF1F167126002C6F83 /* StudentData */ = {
			isa = PBXGroup;
			children = (
				4449F4D11F14458500884A20 /* ListStudentsCell.swift */,
				44FE8F6C1F15135900D06FC3 /* DataSource.swift */,
				449255ED1F166C3A002C6F83 /* Delegate.swift */,
			);
			name = StudentData;
			sourceTree = "<group>";
		};
		449255F01F167147002C6F83 /* NumberData */ = {
			isa = PBXGroup;
			children = (
				449255F11F16775F002C6F83 /* NumberDataSource.swift */,
				449255F31F167770002C6F83 /* NumberDelegate.swift */,
				449255F71F17BC96002C6F83 /* ListNumbersCell.swift */,
			);
			name = NumberData;
			sourceTree = "<group>";
		};
		44E4F6EA1F183E94009F97D2 /* DetailsStudent */ = {
			isa = PBXGroup;
			children = (
				4449F4CD1F14430000884A20 /* DetailsStudentVC.swift */,
				44E50CCA1F159CF100B13174 /* DetailsStudentDelegate.swift */,
			);
			name = DetailsStudent;
			sourceTree = "<group>";
		};
		44E4F6EB1F183EA1009F97D2 /* DetailsNumber */ = {
			isa = PBXGroup;
			children = (
				44E4F6EC1F183ED7009F97D2 /* DetailNumberVC.swift */,
			);
			name = DetailsNumber;
			sourceTree = "<group>";
		};
/* End PBXGroup section */

/* Begin PBXNativeTarget section */
		4449F4991F143DF800884A20 /* Number */ = {
			isa = PBXNativeTarget;
			buildConfigurationList = 4449F4C21F143DF800884A20 /* Build configuration list for PBXNativeTarget "Number" */;
			buildPhases = (
				4449F4961F143DF800884A20 /* Sources */,
				4449F4971F143DF800884A20 /* Frameworks */,
				4449F4981F143DF800884A20 /* Resources */,
			);
			buildRules = (
			);
			dependencies = (
			);
			name = Number;
			productName = Number;
			productReference = 4449F49A1F143DF800884A20 /* Number.app */;
			productType = "com.apple.product-type.application";
		};
		4449F4AD1F143DF800884A20 /* NumberTests */ = {
			isa = PBXNativeTarget;
			buildConfigurationList = 4449F4C51F143DF800884A20 /* Build configuration list for PBXNativeTarget "NumberTests" */;
			buildPhases = (
				4449F4AA1F143DF800884A20 /* Sources */,
				4449F4AB1F143DF800884A20 /* Frameworks */,
				4449F4AC1F143DF800884A20 /* Resources */,
			);
			buildRules = (
			);
			dependencies = (
				4449F4B01F143DF800884A20 /* PBXTargetDependency */,
			);
			name = NumberTests;
			productName = NumberTests;
			productReference = 4449F4AE1F143DF800884A20 /* NumberTests.xctest */;
			productType = "com.apple.product-type.bundle.unit-test";
		};
		4449F4B81F143DF800884A20 /* NumberUITests */ = {
			isa = PBXNativeTarget;
			buildConfigurationList = 4449F4C81F143DF800884A20 /* Build configuration list for PBXNativeTarget "NumberUITests" */;
			buildPhases = (
				4449F4B51F143DF800884A20 /* Sources */,
				4449F4B61F143DF800884A20 /* Frameworks */,
				4449F4B71F143DF800884A20 /* Resources */,
			);
			buildRules = (
			);
			dependencies = (
				4449F4BB1F143DF800884A20 /* PBXTargetDependency */,
			);
			name = NumberUITests;
			productName = NumberUITests;
			productReference = 4449F4B91F143DF800884A20 /* NumberUITests.xctest */;
			productType = "com.apple.product-type.bundle.ui-testing";
		};
/* End PBXNativeTarget section */

/* Begin PBXProject section */
		4449F4921F143DF700884A20 /* Project object */ = {
			isa = PBXProject;
			attributes = {
				LastSwiftUpdateCheck = 0830;
				LastUpgradeCheck = 0830;
				ORGANIZATIONNAME = "Kai Jendo";
				TargetAttributes = {
					4449F4991F143DF800884A20 = {
						CreatedOnToolsVersion = 8.3.2;
						DevelopmentTeam = 2H7VRZNBB2;
						ProvisioningStyle = Automatic;
					};
					4449F4AD1F143DF800884A20 = {
						CreatedOnToolsVersion = 8.3.2;
						DevelopmentTeam = 2H7VRZNBB2;
						ProvisioningStyle = Automatic;
						TestTargetID = 4449F4991F143DF800884A20;
					};
					4449F4B81F143DF800884A20 = {
						CreatedOnToolsVersion = 8.3.2;
						DevelopmentTeam = 2H7VRZNBB2;
						ProvisioningStyle = Automatic;
						TestTargetID = 4449F4991F143DF800884A20;
					};
				};
			};
			buildConfigurationList = 4449F4951F143DF700884A20 /* Build configuration list for PBXProject "Number" */;
			compatibilityVersion = "Xcode 3.2";
			developmentRegion = English;
			hasScannedForEncodings = 0;
			knownRegions = (
				en,
				Base,
			);
			mainGroup = 4449F4911F143DF700884A20;
			productRefGroup = 4449F49B1F143DF800884A20 /* Products */;
			projectDirPath = "";
			projectRoot = "";
			targets = (
				4449F4991F143DF800884A20 /* Number */,
				4449F4AD1F143DF800884A20 /* NumberTests */,
				4449F4B81F143DF800884A20 /* NumberUITests */,
			);
		};
/* End PBXProject section */

/* Begin PBXResourcesBuildPhase section */
		4449F4981F143DF800884A20 /* Resources */ = {
			isa = PBXResourcesBuildPhase;
			buildActionMask = 2147483647;
			files = (
				4449F4A81F143DF800884A20 /* LaunchScreen.storyboard in Resources */,
				4449F4A51F143DF800884A20 /* Assets.xcassets in Resources */,
				4449F4A31F143DF800884A20 /* Main.storyboard in Resources */,
			);
			runOnlyForDeploymentPostprocessing = 0;
		};
		4449F4AC1F143DF800884A20 /* Resources */ = {
			isa = PBXResourcesBuildPhase;
			buildActionMask = 2147483647;
			files = (
			);
			runOnlyForDeploymentPostprocessing = 0;
		};
		4449F4B71F143DF800884A20 /* Resources */ = {
			isa = PBXResourcesBuildPhase;
			buildActionMask = 2147483647;
			files = (
			);
			runOnlyForDeploymentPostprocessing = 0;
		};
/* End PBXResourcesBuildPhase section */

/* Begin PBXSourcesBuildPhase section */
		4449F4961F143DF800884A20 /* Sources */ = {
			isa = PBXSourcesBuildPhase;
			buildActionMask = 2147483647;
			files = (
				449255F81F17BC96002C6F83 /* ListNumbersCell.swift in Sources */,
				44FE8F6D1F15135900D06FC3 /* DataSource.swift in Sources */,
				44E4F6ED1F183ED7009F97D2 /* DetailNumberVC.swift in Sources */,
				4449F4DB1F1446F000884A20 /* DataServices.swift in Sources */,
				4449F49E1F143DF800884A20 /* AppDelegate.swift in Sources */,
				449255EE1F166C3A002C6F83 /* Delegate.swift in Sources */,
				4449F4CE1F14430000884A20 /* DetailsStudentVC.swift in Sources */,
				4449F4DD1F14473700884A20 /* Student.swift in Sources */,
				449255F41F167770002C6F83 /* NumberDelegate.swift in Sources */,
				4449F4D01F14431300884A20 /* ListStudentsVC.swift in Sources */,
				449255F21F16775F002C6F83 /* NumberDataSource.swift in Sources */,
				4449F4D21F14458500884A20 /* ListStudentsCell.swift in Sources */,
				44E50CCB1F159CF100B13174 /* DetailsStudentDelegate.swift in Sources */,
			);
			runOnlyForDeploymentPostprocessing = 0;
		};
		4449F4AA1F143DF800884A20 /* Sources */ = {
			isa = PBXSourcesBuildPhase;
			buildActionMask = 2147483647;
			files = (
				4449F4B31F143DF800884A20 /* NumberTests.swift in Sources */,
			);
			runOnlyForDeploymentPostprocessing = 0;
		};
		4449F4B51F143DF800884A20 /* Sources */ = {
			isa = PBXSourcesBuildPhase;
			buildActionMask = 2147483647;
			files = (
				4449F4BE1F143DF800884A20 /* NumberUITests.swift in Sources */,
			);
			runOnlyForDeploymentPostprocessing = 0;
		};
/* End PBXSourcesBuildPhase section */

/* Begin PBXTargetDependency section */
		4449F4B01F143DF800884A20 /* PBXTargetDependency */ = {
			isa = PBXTargetDependency;
			target = 4449F4991F143DF800884A20 /* Number */;
			targetProxy = 4449F4AF1F143DF800884A20 /* PBXContainerItemProxy */;
		};
		4449F4BB1F143DF800884A20 /* PBXTargetDependency */ = {
			isa = PBXTargetDependency;
			target = 4449F4991F143DF800884A20 /* Number */;
			targetProxy = 4449F4BA1F143DF800884A20 /* PBXContainerItemProxy */;
		};
/* End PBXTargetDependency section */

/* Begin PBXVariantGroup section */
		4449F4A11F143DF800884A20 /* Main.storyboard */ = {
			isa = PBXVariantGroup;
			children = (
				4449F4A21F143DF800884A20 /* Base */,
			);
			name = Main.storyboard;
			sourceTree = "<group>";
		};
		4449F4A61F143DF800884A20 /* LaunchScreen.storyboard */ = {
			isa = PBXVariantGroup;
			children = (
				4449F4A71F143DF800884A20 /* Base */,
			);
			name = LaunchScreen.storyboard;
			sourceTree = "<group>";
		};
/* End PBXVariantGroup section */

/* Begin XCBuildConfiguration section */
		4449F4C01F143DF800884A20 /* Debug */ = {
			isa = XCBuildConfiguration;
			buildSettings = {
				ALWAYS_SEARCH_USER_PATHS = NO;
				CLANG_ANALYZER_NONNULL = YES;
				CLANG_ANALYZER_NUMBER_OBJECT_CONVERSION = YES_AGGRESSIVE;
				CLANG_CXX_LANGUAGE_STANDARD = "gnu++0x";
				CLANG_CXX_LIBRARY = "libc++";
				CLANG_ENABLE_MODULES = YES;
				CLANG_ENABLE_OBJC_ARC = YES;
				CLANG_WARN_BOOL_CONVERSION = YES;
				CLANG_WARN_CONSTANT_CONVERSION = YES;
				CLANG_WARN_DIRECT_OBJC_ISA_USAGE = YES_ERROR;
				CLANG_WARN_DOCUMENTATION_COMMENTS = YES;
				CLANG_WARN_EMPTY_BODY = YES;
				CLANG_WARN_ENUM_CONVERSION = YES;
				CLANG_WARN_INFINITE_RECURSION = YES;
				CLANG_WARN_INT_CONVERSION = YES;
				CLANG_WARN_OBJC_ROOT_CLASS = YES_ERROR;
				CLANG_WARN_SUSPICIOUS_MOVE = YES;
				CLANG_WARN_UNREACHABLE_CODE = YES;
				CLANG_WARN__DUPLICATE_METHOD_MATCH = YES;
				"CODE_SIGN_IDENTITY[sdk=iphoneos*]" = "iPhone Developer";
				COPY_PHASE_STRIP = NO;
				DEBUG_INFORMATION_FORMAT = dwarf;
				ENABLE_STRICT_OBJC_MSGSEND = YES;
				ENABLE_TESTABILITY = YES;
				GCC_C_LANGUAGE_STANDARD = gnu99;
				GCC_DYNAMIC_NO_PIC = NO;
				GCC_NO_COMMON_BLOCKS = YES;
				GCC_OPTIMIZATION_LEVEL = 0;
				GCC_PREPROCESSOR_DEFINITIONS = (
					"DEBUG=1",
					"$(inherited)",
				);
				GCC_WARN_64_TO_32_BIT_CONVERSION = YES;
				GCC_WARN_ABOUT_RETURN_TYPE = YES_ERROR;
				GCC_WARN_UNDECLARED_SELECTOR = YES;
				GCC_WARN_UNINITIALIZED_AUTOS = YES_AGGRESSIVE;
				GCC_WARN_UNUSED_FUNCTION = YES;
				GCC_WARN_UNUSED_VARIABLE = YES;
				IPHONEOS_DEPLOYMENT_TARGET = 10.3;
				MTL_ENABLE_DEBUG_INFO = YES;
				ONLY_ACTIVE_ARCH = YES;
				SDKROOT = iphoneos;
				SWIFT_ACTIVE_COMPILATION_CONDITIONS = DEBUG;
				SWIFT_OPTIMIZATION_LEVEL = "-Onone";
				TARGETED_DEVICE_FAMILY = "1,2";
			};
			name = Debug;
		};
		4449F4C11F143DF800884A20 /* Release */ = {
			isa = XCBuildConfiguration;
			buildSettings = {
				ALWAYS_SEARCH_USER_PATHS = NO;
				CLANG_ANALYZER_NONNULL = YES;
				CLANG_ANALYZER_NUMBER_OBJECT_CONVERSION = YES_AGGRESSIVE;
				CLANG_CXX_LANGUAGE_STANDARD = "gnu++0x";
				CLANG_CXX_LIBRARY = "libc++";
				CLANG_ENABLE_MODULES = YES;
				CLANG_ENABLE_OBJC_ARC = YES;
				CLANG_WARN_BOOL_CONVERSION = YES;
				CLANG_WARN_CONSTANT_CONVERSION = YES;
				CLANG_WARN_DIRECT_OBJC_ISA_USAGE = YES_ERROR;
				CLANG_WARN_DOCUMENTATION_COMMENTS = YES;
				CLANG_WARN_EMPTY_BODY = YES;
				CLANG_WARN_ENUM_CONVERSION = YES;
				CLANG_WARN_INFINITE_RECURSION = YES;
				CLANG_WARN_INT_CONVERSION = YES;
				CLANG_WARN_OBJC_ROOT_CLASS = YES_ERROR;
				CLANG_WARN_SUSPICIOUS_MOVE = YES;
				CLANG_WARN_UNREACHABLE_CODE = YES;
				CLANG_WARN__DUPLICATE_METHOD_MATCH = YES;
				"CODE_SIGN_IDENTITY[sdk=iphoneos*]" = "iPhone Developer";
				COPY_PHASE_STRIP = NO;
				DEBUG_INFORMATION_FORMAT = "dwarf-with-dsym";
				ENABLE_NS_ASSERTIONS = NO;
				ENABLE_STRICT_OBJC_MSGSEND = YES;
				GCC_C_LANGUAGE_STANDARD = gnu99;
				GCC_NO_COMMON_BLOCKS = YES;
				GCC_WARN_64_TO_32_BIT_CONVERSION = YES;
				GCC_WARN_ABOUT_RETURN_TYPE = YES_ERROR;
				GCC_WARN_UNDECLARED_SELECTOR = YES;
				GCC_WARN_UNINITIALIZED_AUTOS = YES_AGGRESSIVE;
				GCC_WARN_UNUSED_FUNCTION = YES;
				GCC_WARN_UNUSED_VARIABLE = YES;
				IPHONEOS_DEPLOYMENT_TARGET = 10.3;
				MTL_ENABLE_DEBUG_INFO = NO;
				SDKROOT = iphoneos;
				SWIFT_OPTIMIZATION_LEVEL = "-Owholemodule";
				TARGETED_DEVICE_FAMILY = "1,2";
				VALIDATE_PRODUCT = YES;
			};
			name = Release;
		};
		4449F4C31F143DF800884A20 /* Debug */ = {
			isa = XCBuildConfiguration;
			buildSettings = {
				ASSETCATALOG_COMPILER_APPICON_NAME = AppIcon;
				DEVELOPMENT_TEAM = 2H7VRZNBB2;
				INFOPLIST_FILE = Number/Info.plist;
				LD_RUNPATH_SEARCH_PATHS = "$(inherited) @executable_path/Frameworks";
				PRODUCT_BUNDLE_IDENTIFIER = "Kai-Jendo.Number";
				PRODUCT_NAME = "$(TARGET_NAME)";
				SWIFT_VERSION = 3.0;
			};
			name = Debug;
		};
		4449F4C41F143DF800884A20 /* Release */ = {
			isa = XCBuildConfiguration;
			buildSettings = {
				ASSETCATALOG_COMPILER_APPICON_NAME = AppIcon;
				DEVELOPMENT_TEAM = 2H7VRZNBB2;
				INFOPLIST_FILE = Number/Info.plist;
				LD_RUNPATH_SEARCH_PATHS = "$(inherited) @executable_path/Frameworks";
				PRODUCT_BUNDLE_IDENTIFIER = "Kai-Jendo.Number";
				PRODUCT_NAME = "$(TARGET_NAME)";
				SWIFT_VERSION = 3.0;
			};
			name = Release;
		};
		4449F4C61F143DF800884A20 /* Debug */ = {
			isa = XCBuildConfiguration;
			buildSettings = {
				ALWAYS_EMBED_SWIFT_STANDARD_LIBRARIES = YES;
				BUNDLE_LOADER = "$(TEST_HOST)";
				DEVELOPMENT_TEAM = 2H7VRZNBB2;
				INFOPLIST_FILE = NumberTests/Info.plist;
				LD_RUNPATH_SEARCH_PATHS = "$(inherited) @executable_path/Frameworks @loader_path/Frameworks";
				PRODUCT_BUNDLE_IDENTIFIER = "Kai-Jendo.NumberTests";
				PRODUCT_NAME = "$(TARGET_NAME)";
				SWIFT_VERSION = 3.0;
				TEST_HOST = "$(BUILT_PRODUCTS_DIR)/Number.app/Number";
			};
			name = Debug;
		};
		4449F4C71F143DF800884A20 /* Release */ = {
			isa = XCBuildConfiguration;
			buildSettings = {
				ALWAYS_EMBED_SWIFT_STANDARD_LIBRARIES = YES;
				BUNDLE_LOADER = "$(TEST_HOST)";
				DEVELOPMENT_TEAM = 2H7VRZNBB2;
				INFOPLIST_FILE = NumberTests/Info.plist;
				LD_RUNPATH_SEARCH_PATHS = "$(inherited) @executable_path/Frameworks @loader_path/Frameworks";
				PRODUCT_BUNDLE_IDENTIFIER = "Kai-Jendo.NumberTests";
				PRODUCT_NAME = "$(TARGET_NAME)";
				SWIFT_VERSION = 3.0;
				TEST_HOST = "$(BUILT_PRODUCTS_DIR)/Number.app/Number";
			};
			name = Release;
		};
		4449F4C91F143DF800884A20 /* Debug */ = {
			isa = XCBuildConfiguration;
			buildSettings = {
				ALWAYS_EMBED_SWIFT_STANDARD_LIBRARIES = YES;
				DEVELOPMENT_TEAM = 2H7VRZNBB2;
				INFOPLIST_FILE = NumberUITests/Info.plist;
				LD_RUNPATH_SEARCH_PATHS = "$(inherited) @executable_path/Frameworks @loader_path/Frameworks";
				PRODUCT_BUNDLE_IDENTIFIER = "Kai-Jendo.NumberUITests";
				PRODUCT_NAME = "$(TARGET_NAME)";
				SWIFT_VERSION = 3.0;
				TEST_TARGET_NAME = Number;
			};
			name = Debug;
		};
		4449F4CA1F143DF800884A20 /* Release */ = {
			isa = XCBuildConfiguration;
			buildSettings = {
				ALWAYS_EMBED_SWIFT_STANDARD_LIBRARIES = YES;
				DEVELOPMENT_TEAM = 2H7VRZNBB2;
				INFOPLIST_FILE = NumberUITests/Info.plist;
				LD_RUNPATH_SEARCH_PATHS = "$(inherited) @executable_path/Frameworks @loader_path/Frameworks";
				PRODUCT_BUNDLE_IDENTIFIER = "Kai-Jendo.NumberUITests";
				PRODUCT_NAME = "$(TARGET_NAME)";
				SWIFT_VERSION = 3.0;
				TEST_TARGET_NAME = Number;
			};
			name = Release;
		};
/* End XCBuildConfiguration section */

/* Begin XCConfigurationList section */
		4449F4951F143DF700884A20 /* Build configuration list for PBXProject "Number" */ = {
			isa = XCConfigurationList;
			buildConfigurations = (
				4449F4C01F143DF800884A20 /* Debug */,
				4449F4C11F143DF800884A20 /* Release */,
			);
			defaultConfigurationIsVisible = 0;
			defaultConfigurationName = Release;
		};
		4449F4C21F143DF800884A20 /* Build configuration list for PBXNativeTarget "Number" */ = {
			isa = XCConfigurationList;
			buildConfigurations = (
				4449F4C31F143DF800884A20 /* Debug */,
				4449F4C41F143DF800884A20 /* Release */,
			);
			defaultConfigurationIsVisible = 0;
			defaultConfigurationName = Release;
		};
		4449F4C51F143DF800884A20 /* Build configuration list for PBXNativeTarget "NumberTests" */ = {
			isa = XCConfigurationList;
			buildConfigurations = (
				4449F4C61F143DF800884A20 /* Debug */,
				4449F4C71F143DF800884A20 /* Release */,
			);
			defaultConfigurationIsVisible = 0;
			defaultConfigurationName = Release;
		};
		4449F4C81F143DF800884A20 /* Build configuration list for PBXNativeTarget "NumberUITests" */ = {
			isa = XCConfigurationList;
			buildConfigurations = (
				4449F4C91F143DF800884A20 /* Debug */,
				4449F4CA1F143DF800884A20 /* Release */,
			);
			defaultConfigurationIsVisible = 0;
			defaultConfigurationName = Release;
		};
/* End XCConfigurationList section */
	};
	rootObject = 4449F4921F143DF700884A20 /* Project object */;
}
